
Microsoft Visual Studio Solution File, Format Version 12.00
# Visual Studio 14
VisualStudioVersion = 14.0.24720.0
MinimumVisualStudioVersion = 10.0.40219.1
Project("{8BC9CEB8-8B4A-11D0-8D11-00A0C91BC942}") = "Pipe", "Pipe\Pipe.vcxproj", "{31A525F8-1353-478B-83D5-764E7EABA28C}"
EndProject
Project("{8BC9CEB8-8B4A-11D0-8D11-00A0C91BC942}") = "TestPipe", "TestPipe\TestPipe.vcxproj", "{B9805667-97BE-4302-B95B-AFBDD9020F71}"
	ProjectSection(ProjectDependencies) = postProject
		{31A525F8-1353-478B-83D5-764E7EABA28C} = {31A525F8-1353-478B-83D5-764E7EABA28C}
	EndProjectSection
EndProject
Global
	GlobalSection(SolutionConfigurationPlatforms) = preSolution
		Debug|x64 = Debug|x64
		Debug|x86 = Debug|x86
		Release|x64 = Release|x64
		Release|x86 = Release|x86
	EndGlobalSection
	GlobalSection(ProjectConfigurationPlatforms) = postSolution
		{31A525F8-1353-478B-83D5-764E7EABA28C}.Debug|x64.ActiveCfg = Debug|x64
		{31A525F8-1353-478B-83D5-764E7EABA28C}.Debug|x64.Build.0 = Debug|x64
		{31A525F8-1353-478B-83D5-764E7EABA28C}.Debug|x86.ActiveCfg = Debug|Win32
		{31A525F8-1353-478B-83D5-764E7EABA28C}.Debug|x86.Build.0 = Debug|Win32
		{31A525F8-1353-478B-83D5-764E7EABA28C}.Release|x64.ActiveCfg = Release|x64
		{31A525F8-1353-478B-83D5-764E7EABA28C}.Release|x64.Build.0 = Release|x64
		{31A525F8-1353-478B-83D5-764E7EABA28C}.Release|x86.ActiveCfg = Release|Win32
		{31A525F8-1353-478B-83D5-764E7EABA28C}.Release|x86.Build.0 = Release|Win32
		{B9805667-97BE-4302-B95B-AFBDD9020F71}.Debug|x64.ActiveCfg = Debug|x64
		{B9805667-97BE-4302-B95B-AFBDD9020F71}.Debug|x64.Build.0 = Debug|x64
		{B9805667-97BE-4302-B95B-AFBDD9020F71}.Debug|x86.ActiveCfg = Debug|Win32
		{B9805667-97BE-4302-B95B-AFBDD9020F71}.Debug|x86.Build.0 = Debug|Win32
		{B9805667-97BE-4302-B95B-AFBDD9020F71}.Release|x64.ActiveCfg = Release|x64
		{B9805667-97BE-4302-B95B-AFBDD9020F71}.Release|x64.Build.0 = Release|x64
		{B9805667-97BE-4302-B95B-AFBDD9020F71}.Release|x86.ActiveCfg = Release|Win32
		{B9805667-97BE-4302-B95B-AFBDD9020F71}.Release|x86.Build.0 = Release|Win32
	EndGlobalSection
	GlobalSection(SolutionProperties) = preSolution
		HideSolutionNode = FALSE
	EndGlobalSection
EndGlobal
